
Microsoft Visual Studio Solution File, Format Version 12.00
# Visual Studio Version 17
VisualStudioVersion = 17.1.32414.318
MinimumVisualStudioVersion = 10.0.40219.1
Project("{2150E333-8FDC-42A3-9474-1A3956D46DE8}") = "Common", "Common", "{559CF191-F0BA-4C87-8A87-8CFF47B724E3}"
EndProject
Project("{2150E333-8FDC-42A3-9474-1A3956D46DE8}") = "Data", "Data", "{0343F398-6DC5-458C-A587-BDB2533899B2}"
EndProject
Project("{2150E333-8FDC-42A3-9474-1A3956D46DE8}") = "Services", "Services", "{06EFACDA-5660-4682-91E1-684E9C337261}"
EndProject
Project("{2150E333-8FDC-42A3-9474-1A3956D46DE8}") = "Tests", "Tests", "{1EC3A87F-3314-4F20-9883-B7FCA97F4086}"
EndProject
Project("{2150E333-8FDC-42A3-9474-1A3956D46DE8}") = "UI", "UI", "{9CFFA102-F3B8-41A7-AA33-AC3DC38B6834}"
EndProject
Project("{9A19103F-16F7-4668-BE54-9A1E7A4F7556}") = "AplicatioDDD.Domain", "Common\AplicatioDDD.Domain\AplicatioDDD.Domain.csproj", "{E0558516-9348-4D5A-AB0D-7969371B409D}"
EndProject
Project("{9A19103F-16F7-4668-BE54-9A1E7A4F7556}") = "AplicationDDD.Domain.Base", "Common\AplicationDDD.Domain.Base\AplicationDDD.Domain.Base.csproj", "{1A7E63E6-4673-4232-BD6F-35C55C207FF0}"
EndProject
Project("{9A19103F-16F7-4668-BE54-9A1E7A4F7556}") = "AplicationDDD.DAL", "Data\AplicationDDD.DAL\AplicationDDD.DAL.csproj", "{8094EB60-44E9-4C7D-B0F7-C90770AD6F57}"
EndProject
Project("{9A19103F-16F7-4668-BE54-9A1E7A4F7556}") = "AplicationDDD.DAL.MsQLServer", "Data\AplicationDDD.DAL.MsQLServer\AplicationDDD.DAL.MsQLServer.csproj", "{B166050F-3787-4442-B7C3-5950D682EF9F}"
EndProject
Project("{9A19103F-16F7-4668-BE54-9A1E7A4F7556}") = "AplicationDDD.Interfaces", "Services\AplicationDDD.Interfaces\AplicationDDD.Interfaces.csproj", "{1A79D941-31E6-4DA9-8ED3-FB9B004C0F0C}"
EndProject
Project("{9A19103F-16F7-4668-BE54-9A1E7A4F7556}") = "AplicationDDD.Interfaces.Base", "Services\AplicationDDD.Interfaces.Base\AplicationDDD.Interfaces.Base.csproj", "{1115D28E-2E21-4AEB-AC9A-E8B5D8589799}"
EndProject
Project("{9A19103F-16F7-4668-BE54-9A1E7A4F7556}") = "AplicationDDD.Services", "Services\AplicationDDD.Services\AplicationDDD.Services.csproj", "{5A928A4C-622D-47CD-B23D-5A1E13D0422A}"
EndProject
Project("{9A19103F-16F7-4668-BE54-9A1E7A4F7556}") = "AplicationDDD.WebApe.Client", "Services\AplicationDDD.WebApe.Client\AplicationDDD.WebApe.Client.csproj", "{E09D13AA-8FD6-4048-A0B6-5E37E95F88F9}"
EndProject
Project("{9A19103F-16F7-4668-BE54-9A1E7A4F7556}") = "AplicationDDD.WebApi", "Services\AplicationDDD.WebApi\AplicationDDD.WebApi.csproj", "{A1B14BDC-5509-4BE9-A3EA-D7F91172FF14}"
EndProject
Project("{9A19103F-16F7-4668-BE54-9A1E7A4F7556}") = "AplicationDDD.TestConsole", "Tests\AplicationDDD.TestConsole\AplicationDDD.TestConsole.csproj", "{16EC3083-3560-4216-89AD-FDDAE063C29E}"
EndProject
Project("{9A19103F-16F7-4668-BE54-9A1E7A4F7556}") = "AplicationDDD.MVC", "UI\AplicationDDD.MVC\AplicationDDD.MVC.csproj", "{8B26E81E-D91D-4F25-A3B8-9E668D65FEF4}"
EndProject
Project("{9A19103F-16F7-4668-BE54-9A1E7A4F7556}") = "AplicationDDD.WPF", "UI\AplicationDDD.WPF\AplicationDDD.WPF.csproj", "{A1A34E0C-0BD9-4E8C-B6F9-1345652555AA}"
EndProject
Project("{FAE04EC0-301F-11D3-BF4B-00C04F79EFBC}") = "ApplicationDDD.DAL.SqlLite", "ApplicationDDD.DAL.SqlLite\ApplicationDDD.DAL.SqlLite.csproj", "{DCDA01DF-499A-4556-9BA4-80A7CEBB5FE9}"
EndProject
Global
	GlobalSection(SolutionConfigurationPlatforms) = preSolution
		Debug|Any CPU = Debug|Any CPU
		Release|Any CPU = Release|Any CPU
	EndGlobalSection
	GlobalSection(ProjectConfigurationPlatforms) = postSolution
		{E0558516-9348-4D5A-AB0D-7969371B409D}.Debug|Any CPU.ActiveCfg = Debug|Any CPU
		{E0558516-9348-4D5A-AB0D-7969371B409D}.Debug|Any CPU.Build.0 = Debug|Any CPU
		{E0558516-9348-4D5A-AB0D-7969371B409D}.Release|Any CPU.ActiveCfg = Release|Any CPU
		{E0558516-9348-4D5A-AB0D-7969371B409D}.Release|Any CPU.Build.0 = Release|Any CPU
		{1A7E63E6-4673-4232-BD6F-35C55C207FF0}.Debug|Any CPU.ActiveCfg = Debug|Any CPU
		{1A7E63E6-4673-4232-BD6F-35C55C207FF0}.Debug|Any CPU.Build.0 = Debug|Any CPU
		{1A7E63E6-4673-4232-BD6F-35C55C207FF0}.Release|Any CPU.ActiveCfg = Release|Any CPU
		{1A7E63E6-4673-4232-BD6F-35C55C207FF0}.Release|Any CPU.Build.0 = Release|Any CPU
		{8094EB60-44E9-4C7D-B0F7-C90770AD6F57}.Debug|Any CPU.ActiveCfg = Debug|Any CPU
		{8094EB60-44E9-4C7D-B0F7-C90770AD6F57}.Debug|Any CPU.Build.0 = Debug|Any CPU
		{8094EB60-44E9-4C7D-B0F7-C90770AD6F57}.Release|Any CPU.ActiveCfg = Release|Any CPU
		{8094EB60-44E9-4C7D-B0F7-C90770AD6F57}.Release|Any CPU.Build.0 = Release|Any CPU
		{B166050F-3787-4442-B7C3-5950D682EF9F}.Debug|Any CPU.ActiveCfg = Debug|Any CPU
		{B166050F-3787-4442-B7C3-5950D682EF9F}.Debug|Any CPU.Build.0 = Debug|Any CPU
		{B166050F-3787-4442-B7C3-5950D682EF9F}.Release|Any CPU.ActiveCfg = Release|Any CPU
		{B166050F-3787-4442-B7C3-5950D682EF9F}.Release|Any CPU.Build.0 = Release|Any CPU
		{1A79D941-31E6-4DA9-8ED3-FB9B004C0F0C}.Debug|Any CPU.ActiveCfg = Debug|Any CPU
		{1A79D941-31E6-4DA9-8ED3-FB9B004C0F0C}.Debug|Any CPU.Build.0 = Debug|Any CPU
		{1A79D941-31E6-4DA9-8ED3-FB9B004C0F0C}.Release|Any CPU.ActiveCfg = Release|Any CPU
		{1A79D941-31E6-4DA9-8ED3-FB9B004C0F0C}.Release|Any CPU.Build.0 = Release|Any CPU
		{1115D28E-2E21-4AEB-AC9A-E8B5D8589799}.Debug|Any CPU.ActiveCfg = Debug|Any CPU
		{1115D28E-2E21-4AEB-AC9A-E8B5D8589799}.Debug|Any CPU.Build.0 = Debug|Any CPU
		{1115D28E-2E21-4AEB-AC9A-E8B5D8589799}.Release|Any CPU.ActiveCfg = Release|Any CPU
		{1115D28E-2E21-4AEB-AC9A-E8B5D8589799}.Release|Any CPU.Build.0 = Release|Any CPU
		{5A928A4C-622D-47CD-B23D-5A1E13D0422A}.Debug|Any CPU.ActiveCfg = Debug|Any CPU
		{5A928A4C-622D-47CD-B23D-5A1E13D0422A}.Debug|Any CPU.Build.0 = Debug|Any CPU
		{5A928A4C-622D-47CD-B23D-5A1E13D0422A}.Release|Any CPU.ActiveCfg = Release|Any CPU
		{5A928A4C-622D-47CD-B23D-5A1E13D0422A}.Release|Any CPU.Build.0 = Release|Any CPU
		{E09D13AA-8FD6-4048-A0B6-5E37E95F88F9}.Debug|Any CPU.ActiveCfg = Debug|Any CPU
		{E09D13AA-8FD6-4048-A0B6-5E37E95F88F9}.Debug|Any CPU.Build.0 = Debug|Any CPU
		{E09D13AA-8FD6-4048-A0B6-5E37E95F88F9}.Release|Any CPU.ActiveCfg = Release|Any CPU
		{E09D13AA-8FD6-4048-A0B6-5E37E95F88F9}.Release|Any CPU.Build.0 = Release|Any CPU
		{A1B14BDC-5509-4BE9-A3EA-D7F91172FF14}.Debug|Any CPU.ActiveCfg = Debug|Any CPU
		{A1B14BDC-5509-4BE9-A3EA-D7F91172FF14}.Debug|Any CPU.Build.0 = Debug|Any CPU
		{A1B14BDC-5509-4BE9-A3EA-D7F91172FF14}.Release|Any CPU.ActiveCfg = Release|Any CPU
		{A1B14BDC-5509-4BE9-A3EA-D7F91172FF14}.Release|Any CPU.Build.0 = Release|Any CPU
		{16EC3083-3560-4216-89AD-FDDAE063C29E}.Debug|Any CPU.ActiveCfg = Debug|Any CPU
		{16EC3083-3560-4216-89AD-FDDAE063C29E}.Debug|Any CPU.Build.0 = Debug|Any CPU
		{16EC3083-3560-4216-89AD-FDDAE063C29E}.Release|Any CPU.ActiveCfg = Release|Any CPU
		{16EC3083-3560-4216-89AD-FDDAE063C29E}.Release|Any CPU.Build.0 = Release|Any CPU
		{8B26E81E-D91D-4F25-A3B8-9E668D65FEF4}.Debug|Any CPU.ActiveCfg = Debug|Any CPU
		{8B26E81E-D91D-4F25-A3B8-9E668D65FEF4}.Debug|Any CPU.Build.0 = Debug|Any CPU
		{8B26E81E-D91D-4F25-A3B8-9E668D65FEF4}.Release|Any CPU.ActiveCfg = Release|Any CPU
		{8B26E81E-D91D-4F25-A3B8-9E668D65FEF4}.Release|Any CPU.Build.0 = Release|Any CPU
		{A1A34E0C-0BD9-4E8C-B6F9-1345652555AA}.Debug|Any CPU.ActiveCfg = Debug|Any CPU
		{A1A34E0C-0BD9-4E8C-B6F9-1345652555AA}.Debug|Any CPU.Build.0 = Debug|Any CPU
		{A1A34E0C-0BD9-4E8C-B6F9-1345652555AA}.Release|Any CPU.ActiveCfg = Release|Any CPU
		{A1A34E0C-0BD9-4E8C-B6F9-1345652555AA}.Release|Any CPU.Build.0 = Release|Any CPU
		{DCDA01DF-499A-4556-9BA4-80A7CEBB5FE9}.Debug|Any CPU.ActiveCfg = Debug|Any CPU
		{DCDA01DF-499A-4556-9BA4-80A7CEBB5FE9}.Debug|Any CPU.Build.0 = Debug|Any CPU
		{DCDA01DF-499A-4556-9BA4-80A7CEBB5FE9}.Release|Any CPU.ActiveCfg = Release|Any CPU
		{DCDA01DF-499A-4556-9BA4-80A7CEBB5FE9}.Release|Any CPU.Build.0 = Release|Any CPU
	EndGlobalSection
	GlobalSection(SolutionProperties) = preSolution
		HideSolutionNode = FALSE
	EndGlobalSection
	GlobalSection(NestedProjects) = preSolution
		{E0558516-9348-4D5A-AB0D-7969371B409D} = {559CF191-F0BA-4C87-8A87-8CFF47B724E3}
		{1A7E63E6-4673-4232-BD6F-35C55C207FF0} = {559CF191-F0BA-4C87-8A87-8CFF47B724E3}
		{8094EB60-44E9-4C7D-B0F7-C90770AD6F57} = {0343F398-6DC5-458C-A587-BDB2533899B2}
		{B166050F-3787-4442-B7C3-5950D682EF9F} = {0343F398-6DC5-458C-A587-BDB2533899B2}
		{1A79D941-31E6-4DA9-8ED3-FB9B004C0F0C} = {06EFACDA-5660-4682-91E1-684E9C337261}
		{1115D28E-2E21-4AEB-AC9A-E8B5D8589799} = {06EFACDA-5660-4682-91E1-684E9C337261}
		{5A928A4C-622D-47CD-B23D-5A1E13D0422A} = {06EFACDA-5660-4682-91E1-684E9C337261}
		{E09D13AA-8FD6-4048-A0B6-5E37E95F88F9} = {06EFACDA-5660-4682-91E1-684E9C337261}
		{A1B14BDC-5509-4BE9-A3EA-D7F91172FF14} = {06EFACDA-5660-4682-91E1-684E9C337261}
		{16EC3083-3560-4216-89AD-FDDAE063C29E} = {1EC3A87F-3314-4F20-9883-B7FCA97F4086}
		{8B26E81E-D91D-4F25-A3B8-9E668D65FEF4} = {9CFFA102-F3B8-41A7-AA33-AC3DC38B6834}
		{A1A34E0C-0BD9-4E8C-B6F9-1345652555AA} = {9CFFA102-F3B8-41A7-AA33-AC3DC38B6834}
		{DCDA01DF-499A-4556-9BA4-80A7CEBB5FE9} = {0343F398-6DC5-458C-A587-BDB2533899B2}
	EndGlobalSection
	GlobalSection(ExtensibilityGlobals) = postSolution
		SolutionGuid = {9D632C76-B18D-4A85-87D8-43B6C0791009}
	EndGlobalSection
EndGlobal
